
Microsoft Visual Studio Solution File, Format Version 12.00
# Visual Studio Version 16
VisualStudioVersion = 16.0.30717.126
MinimumVisualStudioVersion = 10.0.40219.1
Project("{FAE04EC0-301F-11D3-BF4B-00C04F79EFBC}") = "Сапёр", "Сапёр\Сапёр.csproj", "{5E24FBA7-77D3-43D2-817E-5315E64B7EB4}"
EndProject
Global
	GlobalSection(SolutionConfigurationPlatforms) = preSolution
		Debug|Any CPU = Debug|Any CPU
		Release|Any CPU = Release|Any CPU
	EndGlobalSection
	GlobalSection(ProjectConfigurationPlatforms) = postSolution
		{5E24FBA7-77D3-43D2-817E-5315E64B7EB4}.Debug|Any CPU.ActiveCfg = Debug|Any CPU
		{5E24FBA7-77D3-43D2-817E-5315E64B7EB4}.Debug|Any CPU.Build.0 = Debug|Any CPU
		{5E24FBA7-77D3-43D2-817E-5315E64B7EB4}.Release|Any CPU.ActiveCfg = Release|Any CPU
		{5E24FBA7-77D3-43D2-817E-5315E64B7EB4}.Release|Any CPU.Build.0 = Release|Any CPU
	EndGlobalSection
	GlobalSection(SolutionProperties) = preSolution
		HideSolutionNode = FALSE
	EndGlobalSection
	GlobalSection(ExtensibilityGlobals) = postSolution
		SolutionGuid = {0090D25F-3355-4C38-B543-C56704CDFCF8}
	EndGlobalSection
EndGlobal
